
Microsoft Visual Studio Solution File, Format Version 12.00
# Visual Studio Version 16
VisualStudioVersion = 16.0.32106.194
MinimumVisualStudioVersion = 10.0.40219.1
Project("{FAE04EC0-301F-11D3-BF4B-00C04F79EFBC}") = "ModelView", "ModelView\ModelView.csproj", "{CB6C99C8-65B0-4BB2-91F9-9D90F32900B8}"
EndProject
Global
	GlobalSection(SolutionConfigurationPlatforms) = preSolution
		Debug|Any CPU = Debug|Any CPU
		Release|Any CPU = Release|Any CPU
	EndGlobalSection
	GlobalSection(ProjectConfigurationPlatforms) = postSolution
		{CB6C99C8-65B0-4BB2-91F9-9D90F32900B8}.Debug|Any CPU.ActiveCfg = Debug|Any CPU
		{CB6C99C8-65B0-4BB2-91F9-9D90F32900B8}.Debug|Any CPU.Build.0 = Debug|Any CPU
		{CB6C99C8-65B0-4BB2-91F9-9D90F32900B8}.Release|Any CPU.ActiveCfg = Release|Any CPU
		{CB6C99C8-65B0-4BB2-91F9-9D90F32900B8}.Release|Any CPU.Build.0 = Release|Any CPU
	EndGlobalSection
	GlobalSection(SolutionProperties) = preSolution
		HideSolutionNode = FALSE
	EndGlobalSection
	GlobalSection(ExtensibilityGlobals) = postSolution
		SolutionGuid = {DF2D2B5E-B303-416F-A34F-2BE44D90540D}
	EndGlobalSection
EndGlobal
